
Microsoft Visual Studio Solution File, Format Version 12.00
# Visual Studio Version 17
VisualStudioVersion = 17.4.33103.184
MinimumVisualStudioVersion = 10.0.40219.1
Project("{9A19103F-16F7-4668-BE54-9A1E7A4F7556}") = "Test.Web", "Test.Web\Test.Web.csproj", "{53EDDCC2-485A-4314-84EF-9600D46A47D1}"
EndProject
Project("{FAE04EC0-301F-11D3-BF4B-00C04F79EFBC}") = "Test.UnitTest", "Test.UnitTest\Test.UnitTest.csproj", "{0934B161-24EA-4304-82A4-FB02FAECD938}"
EndProject
Global
	GlobalSection(SolutionConfigurationPlatforms) = preSolution
		Debug|Any CPU = Debug|Any CPU
		Release|Any CPU = Release|Any CPU
	EndGlobalSection
	GlobalSection(ProjectConfigurationPlatforms) = postSolution
		{53EDDCC2-485A-4314-84EF-9600D46A47D1}.Debug|Any CPU.ActiveCfg = Debug|Any CPU
		{53EDDCC2-485A-4314-84EF-9600D46A47D1}.Debug|Any CPU.Build.0 = Debug|Any CPU
		{53EDDCC2-485A-4314-84EF-9600D46A47D1}.Release|Any CPU.ActiveCfg = Release|Any CPU
		{53EDDCC2-485A-4314-84EF-9600D46A47D1}.Release|Any CPU.Build.0 = Release|Any CPU
		{0934B161-24EA-4304-82A4-FB02FAECD938}.Debug|Any CPU.ActiveCfg = Debug|Any CPU
		{0934B161-24EA-4304-82A4-FB02FAECD938}.Debug|Any CPU.Build.0 = Debug|Any CPU
		{0934B161-24EA-4304-82A4-FB02FAECD938}.Release|Any CPU.ActiveCfg = Release|Any CPU
		{0934B161-24EA-4304-82A4-FB02FAECD938}.Release|Any CPU.Build.0 = Release|Any CPU
	EndGlobalSection
	GlobalSection(SolutionProperties) = preSolution
		HideSolutionNode = FALSE
	EndGlobalSection
	GlobalSection(ExtensibilityGlobals) = postSolution
		SolutionGuid = {F487FA7F-0DB1-4726-8FC2-9E45CDE8F748}
	EndGlobalSection
EndGlobal
